
Microsoft Visual Studio Solution File, Format Version 12.00
# Visual Studio Version 16
VisualStudioVersion = 16.0.29509.3
MinimumVisualStudioVersion = 10.0.40219.1
Project("{9A19103F-16F7-4668-BE54-9A1E7A4F7556}") = "RebusWebApplication", "RebusWebApplication\RebusWebApplication.csproj", "{202824B3-FE26-4765-9086-64F163C2528C}"
EndProject
Project("{2150E333-8FDC-42A3-9474-1A3956D46DE8}") = "Solution Items", "Solution Items", "{8FBEC929-A91C-4570-8BA6-97750BC9716F}"
	ProjectSection(SolutionItems) = preProject
		docker-compose.yml = docker-compose.yml
		README.md = README.md
	EndProjectSection
EndProject
Project("{FAE04EC0-301F-11D3-BF4B-00C04F79EFBC}") = "RebusConsoleApplication", "RebusConsoleApplication\RebusConsoleApplication.csproj", "{FA5D6ACA-8583-4968-A66B-B567A8B76C40}"
EndProject
Global
	GlobalSection(SolutionConfigurationPlatforms) = preSolution
		Debug|Any CPU = Debug|Any CPU
		Release|Any CPU = Release|Any CPU
	EndGlobalSection
	GlobalSection(ProjectConfigurationPlatforms) = postSolution
		{202824B3-FE26-4765-9086-64F163C2528C}.Debug|Any CPU.ActiveCfg = Debug|Any CPU
		{202824B3-FE26-4765-9086-64F163C2528C}.Debug|Any CPU.Build.0 = Debug|Any CPU
		{202824B3-FE26-4765-9086-64F163C2528C}.Release|Any CPU.ActiveCfg = Release|Any CPU
		{202824B3-FE26-4765-9086-64F163C2528C}.Release|Any CPU.Build.0 = Release|Any CPU
		{FA5D6ACA-8583-4968-A66B-B567A8B76C40}.Debug|Any CPU.ActiveCfg = Debug|Any CPU
		{FA5D6ACA-8583-4968-A66B-B567A8B76C40}.Debug|Any CPU.Build.0 = Debug|Any CPU
		{FA5D6ACA-8583-4968-A66B-B567A8B76C40}.Release|Any CPU.ActiveCfg = Release|Any CPU
		{FA5D6ACA-8583-4968-A66B-B567A8B76C40}.Release|Any CPU.Build.0 = Release|Any CPU
	EndGlobalSection
	GlobalSection(SolutionProperties) = preSolution
		HideSolutionNode = FALSE
	EndGlobalSection
	GlobalSection(ExtensibilityGlobals) = postSolution
		SolutionGuid = {AD33B6D5-5480-44D2-843A-BBF48D1EED29}
	EndGlobalSection
EndGlobal
