
Microsoft Visual Studio Solution File, Format Version 12.00
# Visual Studio Version 16
VisualStudioVersion = 16.0.29509.3
MinimumVisualStudioVersion = 10.0.40219.1
Project("{FAE04EC0-301F-11D3-BF4B-00C04F79EFBC}") = "RebusWebApplication", "RebusWebApplication\RebusWebApplication.csproj", "{202824B3-FE26-4765-9086-64F163C2528C}"
EndProject
Global
	GlobalSection(SolutionConfigurationPlatforms) = preSolution
		Debug|Any CPU = Debug|Any CPU
		Release|Any CPU = Release|Any CPU
	EndGlobalSection
	GlobalSection(ProjectConfigurationPlatforms) = postSolution
		{202824B3-FE26-4765-9086-64F163C2528C}.Debug|Any CPU.ActiveCfg = Debug|Any CPU
		{202824B3-FE26-4765-9086-64F163C2528C}.Debug|Any CPU.Build.0 = Debug|Any CPU
		{202824B3-FE26-4765-9086-64F163C2528C}.Release|Any CPU.ActiveCfg = Release|Any CPU
		{202824B3-FE26-4765-9086-64F163C2528C}.Release|Any CPU.Build.0 = Release|Any CPU
	EndGlobalSection
	GlobalSection(SolutionProperties) = preSolution
		HideSolutionNode = FALSE
	EndGlobalSection
	GlobalSection(ExtensibilityGlobals) = postSolution
		SolutionGuid = {AD33B6D5-5480-44D2-843A-BBF48D1EED29}
	EndGlobalSection
EndGlobal
